
Microsoft Visual Studio Solution File, Format Version 12.00
# Visual Studio Version 16
VisualStudioVersion = 16.0.31105.61
MinimumVisualStudioVersion = 10.0.40219.1
Project("{888888A0-9F3D-457C-B088-3A5042F75D52}") = "opencv1", "opencv1.pyproj", "{B79E8898-2086-4150-92E8-83C8E8DFFFEA}"
EndProject
Global
	GlobalSection(SolutionConfigurationPlatforms) = preSolution
		Debug|Any CPU = Debug|Any CPU
		Release|Any CPU = Release|Any CPU
	EndGlobalSection
	GlobalSection(ProjectConfigurationPlatforms) = postSolution
		{B79E8898-2086-4150-92E8-83C8E8DFFFEA}.Debug|Any CPU.ActiveCfg = Debug|Any CPU
		{B79E8898-2086-4150-92E8-83C8E8DFFFEA}.Release|Any CPU.ActiveCfg = Release|Any CPU
	EndGlobalSection
	GlobalSection(SolutionProperties) = preSolution
		HideSolutionNode = FALSE
	EndGlobalSection
	GlobalSection(ExtensibilityGlobals) = postSolution
		SolutionGuid = {64EFC326-7350-489A-A103-FF3F55ECD564}
	EndGlobalSection
EndGlobal
